
Microsoft Visual Studio Solution File, Format Version 12.00
# Visual Studio 15
VisualStudioVersion = 15.0.27130.2020
MinimumVisualStudioVersion = 10.0.40219.1
Project("{FAE04EC0-301F-11D3-BF4B-00C04F79EFBC}") = "ZCSRibbon", "ZCSRibbon\ZCSRibbon.csproj", "{4FA462BD-0F61-416C-8EAA-F9975A7AAFE0}"
EndProject
Project("{FAE04EC0-301F-11D3-BF4B-00C04F79EFBC}") = "ZCSRibbon.Test", "ZCSRibbon.Test\ZCSRibbon.Test.csproj", "{53F533C5-A7F9-43A8-9274-73C274EA516E}"
EndProject
Global
	GlobalSection(SolutionConfigurationPlatforms) = preSolution
		Debug|Any CPU = Debug|Any CPU
		Release|Any CPU = Release|Any CPU
	EndGlobalSection
	GlobalSection(ProjectConfigurationPlatforms) = postSolution
		{4FA462BD-0F61-416C-8EAA-F9975A7AAFE0}.Debug|Any CPU.ActiveCfg = Debug|Any CPU
		{4FA462BD-0F61-416C-8EAA-F9975A7AAFE0}.Debug|Any CPU.Build.0 = Debug|Any CPU
		{4FA462BD-0F61-416C-8EAA-F9975A7AAFE0}.Release|Any CPU.ActiveCfg = Release|Any CPU
		{4FA462BD-0F61-416C-8EAA-F9975A7AAFE0}.Release|Any CPU.Build.0 = Release|Any CPU
		{53F533C5-A7F9-43A8-9274-73C274EA516E}.Debug|Any CPU.ActiveCfg = Debug|Any CPU
		{53F533C5-A7F9-43A8-9274-73C274EA516E}.Debug|Any CPU.Build.0 = Debug|Any CPU
		{53F533C5-A7F9-43A8-9274-73C274EA516E}.Release|Any CPU.ActiveCfg = Release|Any CPU
		{53F533C5-A7F9-43A8-9274-73C274EA516E}.Release|Any CPU.Build.0 = Release|Any CPU
	EndGlobalSection
	GlobalSection(SolutionProperties) = preSolution
		HideSolutionNode = FALSE
	EndGlobalSection
	GlobalSection(ExtensibilityGlobals) = postSolution
		SolutionGuid = {DAF9841A-7C5C-44D2-A31E-580C87A51EF6}
	EndGlobalSection
EndGlobal
